
Microsoft Visual Studio Solution File, Format Version 12.00
# Visual Studio Version 17
VisualStudioVersion = 17.11.35312.102
MinimumVisualStudioVersion = 10.0.40219.1
Project("{FAE04EC0-301F-11D3-BF4B-00C04F79EFBC}") = "Prac3", "Prac3\Prac3.csproj", "{F5F7EED6-036F-4050-9568-0CBE98CD2405}"
EndProject
Global
	GlobalSection(SolutionConfigurationPlatforms) = preSolution
		Debug|Any CPU = Debug|Any CPU
		Release|Any CPU = Release|Any CPU
	EndGlobalSection
	GlobalSection(ProjectConfigurationPlatforms) = postSolution
		{F5F7EED6-036F-4050-9568-0CBE98CD2405}.Debug|Any CPU.ActiveCfg = Debug|Any CPU
		{F5F7EED6-036F-4050-9568-0CBE98CD2405}.Debug|Any CPU.Build.0 = Debug|Any CPU
		{F5F7EED6-036F-4050-9568-0CBE98CD2405}.Release|Any CPU.ActiveCfg = Release|Any CPU
		{F5F7EED6-036F-4050-9568-0CBE98CD2405}.Release|Any CPU.Build.0 = Release|Any CPU
	EndGlobalSection
	GlobalSection(SolutionProperties) = preSolution
		HideSolutionNode = FALSE
	EndGlobalSection
	GlobalSection(ExtensibilityGlobals) = postSolution
		SolutionGuid = {B95E945A-7053-4CC0-AFCF-E9180F549F6E}
	EndGlobalSection
EndGlobal
